Microsoft Visual Studio Solution File, Format Version 12.00
# Visual Studio Version 16
VisualStudioVersion = 16.0.29609.76
MinimumVisualStudioVersion = 10.0.40219.1
Project("{9A19103F-16F7-4668-BE54-9A1E7A4F7556}") = "TEACrypt", "TEACrypt.csproj", "{486E35A7-637C-4026-9A3A-974CC503D362}"
EndProject
Global
	GlobalSection(SolutionConfigurationPlatforms) = preSolution
		Debug|Any CPU = Debug|Any CPU
		Release|Any CPU = Release|Any CPU
	EndGlobalSection
	GlobalSection(ProjectConfigurationPlatforms) = postSolution
		{486E35A7-637C-4026-9A3A-974CC503D362}.Debug|Any CPU.ActiveCfg = Debug|Any CPU
		{486E35A7-637C-4026-9A3A-974CC503D362}.Debug|Any CPU.Build.0 = Debug|Any CPU
		{486E35A7-637C-4026-9A3A-974CC503D362}.Release|Any CPU.ActiveCfg = Release|Any CPU
		{486E35A7-637C-4026-9A3A-974CC503D362}.Release|Any CPU.Build.0 = Release|Any CPU
	EndGlobalSection
	GlobalSection(SolutionProperties) = preSolution
		HideSolutionNode = FALSE
	EndGlobalSection
	GlobalSection(ExtensibilityGlobals) = postSolution
		SolutionGuid = {9F86FD18-0256-4BB3-84DE-C23E8AA2DC68}
	EndGlobalSection
EndGlobal
