Microsoft Visual Studio Solution File, Format Version 12.00
# Visual Studio 15
VisualStudioVersion = 15.0.28010.2048
MinimumVisualStudioVersion = 10.0.40219.1
Project("{FAE04EC0-301F-11D3-BF4B-00C04F79EFBC}") = "TEACryptSample", "TEACryptSample.csproj", "{654E5722-EB4B-44F4-993C-93B726D1EC69}"
EndProject
Project("{9A19103F-16F7-4668-BE54-9A1E7A4F7556}") = "TEACrypt", "..\TEACrypt\TEACrypt.csproj", "{486E35A7-637C-4026-9A3A-974CC503D362}"
EndProject
Global
	GlobalSection(SolutionConfigurationPlatforms) = preSolution
		Debug|Any CPU = Debug|Any CPU
		Release|Any CPU = Release|Any CPU
	EndGlobalSection
	GlobalSection(ProjectConfigurationPlatforms) = postSolution
		{654E5722-EB4B-44F4-993C-93B726D1EC69}.Debug|Any CPU.ActiveCfg = Debug|Any CPU
		{654E5722-EB4B-44F4-993C-93B726D1EC69}.Debug|Any CPU.Build.0 = Debug|Any CPU
		{654E5722-EB4B-44F4-993C-93B726D1EC69}.Release|Any CPU.ActiveCfg = Release|Any CPU
		{654E5722-EB4B-44F4-993C-93B726D1EC69}.Release|Any CPU.Build.0 = Release|Any CPU
		{486E35A7-637C-4026-9A3A-974CC503D362}.Debug|Any CPU.ActiveCfg = Debug|Any CPU
		{486E35A7-637C-4026-9A3A-974CC503D362}.Debug|Any CPU.Build.0 = Debug|Any CPU
		{486E35A7-637C-4026-9A3A-974CC503D362}.Release|Any CPU.ActiveCfg = Release|Any CPU
		{486E35A7-637C-4026-9A3A-974CC503D362}.Release|Any CPU.Build.0 = Release|Any CPU
	EndGlobalSection
	GlobalSection(SolutionProperties) = preSolution
		HideSolutionNode = FALSE
	EndGlobalSection
	GlobalSection(ExtensibilityGlobals) = postSolution
		SolutionGuid = {ED005688-81AC-4F38-A830-FBF88E813F5B}
	EndGlobalSection
EndGlobal
